// !$*UTF8*$!
{
	archiveVersion = 1;
	classes = {
	};
	objectVersion = 48;
	objects = {

/* Begin PBXBuildFile section */
		76AF9DD22192494D003BD6BD /* TinderSwipe.swift in Sources */ = {isa = PBXBuildFile; fileRef = 76AF9DD12192494D003BD6BD /* TinderSwipe.swift */; };
		76C41F012190D8DA0074802A /* SecandViewController.swift in Sources */ = {isa = PBXBuildFile; fileRef = 76C41F002190D8DA0074802A /* SecandViewController.swift */; };
		76DC924821972AC0000DFCCB /* TinderSwipeAnimation.framework in Frameworks */ = {isa = PBXBuildFile; fileRef = 76DC924521972AB2000DFCCB /* TinderSwipeAnimation.framework */; };
		76DC924921972AC0000DFCCB /* TinderSwipeAnimation.framework in Embed Frameworks */ = {isa = PBXBuildFile; fileRef = 76DC924521972AB2000DFCCB /* TinderSwipeAnimation.framework */; settings = {ATTRIBUTES = (CodeSignOnCopy, RemoveHeadersOnCopy, ); }; };
		76E39B27218E550900C36325 /* AppDelegate.swift in Sources */ = {isa = PBXBuildFile; fileRef = 76E39B26218E550900C36325 /* AppDelegate.swift */; };
		76E39B2C218E550900C36325 /* Main.storyboard in Resources */ = {isa = PBXBuildFile; fileRef = 76E39B2A218E550900C36325 /* Main.storyboard */; };
		76E39B2F218E550900C36325 /* TinderSwipeAnim.xcdatamodeld in Sources */ = {isa = PBXBuildFile; fileRef = 76E39B2D218E550900C36325 /* TinderSwipeAnim.xcdatamodeld */; };
		76E39B31218E550900C36325 /* Assets.xcassets in Resources */ = {isa = PBXBuildFile; fileRef = 76E39B30218E550900C36325 /* Assets.xcassets */; };
		76E39B34218E550900C36325 /* LaunchScreen.storyboard in Resources */ = {isa = PBXBuildFile; fileRef = 76E39B32218E550900C36325 /* LaunchScreen.storyboard */; };
		76E39B3F218E550900C36325 /* TinderSwipeAnimTests.swift in Sources */ = {isa = PBXBuildFile; fileRef = 76E39B3E218E550900C36325 /* TinderSwipeAnimTests.swift */; };
		76E39B4A218E550900C36325 /* TinderSwipeAnimUITests.swift in Sources */ = {isa = PBXBuildFile; fileRef = 76E39B49218E550900C36325 /* TinderSwipeAnimUITests.swift */; };
/* End PBXBuildFile section */

/* Begin PBXContainerItemProxy section */
		76DC924421972AB2000DFCCB /* PBXContainerItemProxy */ = {
			isa = PBXContainerItemProxy;
			containerPortal = 76DC923F21972AB1000DFCCB /* TinderSwipeAnimation.xcodeproj */;
			proxyType = 2;
			remoteGlobalIDString = 76AF9DDF21924D6F003BD6BD;
			remoteInfo = TinderSwipeAnimation;
		};
		76DC924621972AB2000DFCCB /* PBXContainerItemProxy */ = {
			isa = PBXContainerItemProxy;
			containerPortal = 76DC923F21972AB1000DFCCB /* TinderSwipeAnimation.xcodeproj */;
			proxyType = 2;
			remoteGlobalIDString = 76AF9DE821924D6F003BD6BD;
			remoteInfo = TinderSwipeAnimationTests;
		};
		76DC924A21972AC0000DFCCB /* PBXContainerItemProxy */ = {
			isa = PBXContainerItemProxy;
			containerPortal = 76DC923F21972AB1000DFCCB /* TinderSwipeAnimation.xcodeproj */;
			proxyType = 1;
			remoteGlobalIDString = 76AF9DDE21924D6F003BD6BD;
			remoteInfo = TinderSwipeAnimation;
		};
		76E39B3B218E550900C36325 /* PBXContainerItemProxy */ = {
			isa = PBXContainerItemProxy;
			containerPortal = 76E39B1B218E550900C36325 /* Project object */;
			proxyType = 1;
			remoteGlobalIDString = 76E39B22218E550900C36325;
			remoteInfo = TinderSwipeAnim;
		};
		76E39B46218E550900C36325 /* PBXContainerItemProxy */ = {
			isa = PBXContainerItemProxy;
			containerPortal = 76E39B1B218E550900C36325 /* Project object */;
			proxyType = 1;
			remoteGlobalIDString = 76E39B22218E550900C36325;
			remoteInfo = TinderSwipeAnim;
		};
/* End PBXContainerItemProxy section */

/* Begin PBXCopyFilesBuildPhase section */
		76DC924C21972AC1000DFCCB /* Embed Frameworks */ = {
			isa = PBXCopyFilesBuildPhase;
			buildActionMask = 2147483647;
			dstPath = "";
			dstSubfolderSpec = 10;
			files = (
				76DC924921972AC0000DFCCB /* TinderSwipeAnimation.framework in Embed Frameworks */,
			);
			name = "Embed Frameworks";
			runOnlyForDeploymentPostprocessing = 0;
		};
/* End PBXCopyFilesBuildPhase section */

/* Begin PBXFileReference section */
		76AF9DD12192494D003BD6BD /* TinderSwipe.swift */ = {isa = PBXFileReference; lastKnownFileType = sourcecode.swift; path = TinderSwipe.swift; sourceTree = "<group>"; };
		76C41F002190D8DA0074802A /* SecandViewController.swift */ = {isa = PBXFileReference; lastKnownFileType = sourcecode.swift; path = SecandViewController.swift; sourceTree = "<group>"; };
		76DC923F21972AB1000DFCCB /* TinderSwipeAnimation.xcodeproj */ = {isa = PBXFileReference; lastKnownFileType = "wrapper.pb-project"; name = TinderSwipeAnimation.xcodeproj; path = ../TinderSwipeAnimation/TinderSwipeAnimation.xcodeproj; sourceTree = "<group>"; };
		76E39B23218E550900C36325 /* TinderSwipeAnimDemo.app */ = {isa = PBXFileReference; explicitFileType = wrapper.application; includeInIndex = 0; path = TinderSwipeAnimDemo.app; sourceTree = BUILT_PRODUCTS_DIR; };
		76E39B26218E550900C36325 /* AppDelegate.swift */ = {isa = PBXFileReference; lastKnownFileType = sourcecode.swift; path = AppDelegate.swift; sourceTree = "<group>"; };
		76E39B2B218E550900C36325 /* Base */ = {isa = PBXFileReference; lastKnownFileType = file.storyboard; name = Base; path = Base.lproj/Main.storyboard; sourceTree = "<group>"; };
		76E39B2E218E550900C36325 /* TinderSwipeAnim.xcdatamodel */ = {isa = PBXFileReference; lastKnownFileType = wrapper.xcdatamodel; path = TinderSwipeAnim.xcdatamodel; sourceTree = "<group>"; };
		76E39B30218E550900C36325 /* Assets.xcassets */ = {isa = PBXFileReference; lastKnownFileType = folder.assetcatalog; path = Assets.xcassets; sourceTree = "<group>"; };
		76E39B33218E550900C36325 /* Base */ = {isa = PBXFileReference; lastKnownFileType = file.storyboard; name = Base; path = Base.lproj/LaunchScreen.storyboard; sourceTree = "<group>"; };
		76E39B35218E550900C36325 /* Info.plist */ = {isa = PBXFileReference; lastKnownFileType = text.plist.xml; path = Info.plist; sourceTree = "<group>"; };
		76E39B3A218E550900C36325 /* TinderSwipeAnimDemoTests.xctest */ = {isa = PBXFileReference; explicitFileType = wrapper.cfbundle; includeInIndex = 0; path = TinderSwipeAnimDemoTests.xctest; sourceTree = BUILT_PRODUCTS_DIR; };
		76E39B3E218E550900C36325 /* TinderSwipeAnimTests.swift */ = {isa = PBXFileReference; lastKnownFileType = sourcecode.swift; path = TinderSwipeAnimTests.swift; sourceTree = "<group>"; };
		76E39B40218E550900C36325 /* Info.plist */ = {isa = PBXFileReference; lastKnownFileType = text.plist.xml; path = Info.plist; sourceTree = "<group>"; };
		76E39B45218E550900C36325 /* TinderSwipeAnimDemoUITests.xctest */ = {isa = PBXFileReference; explicitFileType = wrapper.cfbundle; includeInIndex = 0; path = TinderSwipeAnimDemoUITests.xctest; sourceTree = BUILT_PRODUCTS_DIR; };
		76E39B49218E550900C36325 /* TinderSwipeAnimUITests.swift */ = {isa = PBXFileReference; lastKnownFileType = sourcecode.swift; path = TinderSwipeAnimUITests.swift; sourceTree = "<group>"; };
		76E39B4B218E550900C36325 /* Info.plist */ = {isa = PBXFileReference; lastKnownFileType = text.plist.xml; path = Info.plist; sourceTree = "<group>"; };
/* End PBXFileReference section */

/* Begin PBXFrameworksBuildPhase section */
		76E39B20218E550900C36325 /* Frameworks */ = {
			isa = PBXFrameworksBuildPhase;
			buildActionMask = 2147483647;
			files = (
				76DC924821972AC0000DFCCB /* TinderSwipeAnimation.framework in Frameworks */,
			);
			runOnlyForDeploymentPostprocessing = 0;
		};
		76E39B37218E550900C36325 /* Frameworks */ = {
			isa = PBXFrameworksBuildPhase;
			buildActionMask = 2147483647;
			files = (
			);
			runOnlyForDeploymentPostprocessing = 0;
		};
		76E39B42218E550900C36325 /* Frameworks */ = {
			isa = PBXFrameworksBuildPhase;
			buildActionMask = 2147483647;
			files = (
			);
			runOnlyForDeploymentPostprocessing = 0;
		};
/* End PBXFrameworksBuildPhase section */

/* Begin PBXGroup section */
		762DBD1C219635FC0046A9C0 /* Frameworks */ = {
			isa = PBXGroup;
			children = (
			);
			name = Frameworks;
			sourceTree = "<group>";
		};
		76AF9DD02192492B003BD6BD /* Models */ = {
			isa = PBXGroup;
			children = (
				76AF9DD12192494D003BD6BD /* TinderSwipe.swift */,
			);
			path = Models;
			sourceTree = "<group>";
		};
		76AF9DD321924B66003BD6BD /* Controllers */ = {
			isa = PBXGroup;
			children = (
				76C41F002190D8DA0074802A /* SecandViewController.swift */,
			);
			path = Controllers;
			sourceTree = "<group>";
		};
		76AF9DD421924B80003BD6BD /* Views */ = {
			isa = PBXGroup;
			children = (
				76E39B2A218E550900C36325 /* Main.storyboard */,
			);
			path = Views;
			sourceTree = "<group>";
		};
		76DC924021972AB1000DFCCB /* Products */ = {
			isa = PBXGroup;
			children = (
				76DC924521972AB2000DFCCB /* TinderSwipeAnimation.framework */,
				76DC924721972AB2000DFCCB /* TinderSwipeAnimationTests.xctest */,
			);
			name = Products;
			sourceTree = "<group>";
		};
		76E39B1A218E550900C36325 = {
			isa = PBXGroup;
			children = (
				76DC923F21972AB1000DFCCB /* TinderSwipeAnimation.xcodeproj */,
				76E39B25218E550900C36325 /* TinderSwipeAnimDemo */,
				76E39B3D218E550900C36325 /* TinderSwipeAnimTests */,
				76E39B48218E550900C36325 /* TinderSwipeAnimUITests */,
				76E39B24218E550900C36325 /* Products */,
				762DBD1C219635FC0046A9C0 /* Frameworks */,
			);
			sourceTree = "<group>";
		};
		76E39B24218E550900C36325 /* Products */ = {
			isa = PBXGroup;
			children = (
				76E39B23218E550900C36325 /* TinderSwipeAnimDemo.app */,
				76E39B3A218E550900C36325 /* TinderSwipeAnimDemoTests.xctest */,
				76E39B45218E550900C36325 /* TinderSwipeAnimDemoUITests.xctest */,
			);
			name = Products;
			sourceTree = "<group>";
		};
		76E39B25218E550900C36325 /* TinderSwipeAnimDemo */ = {
			isa = PBXGroup;
			children = (
				76AF9DD421924B80003BD6BD /* Views */,
				76AF9DD321924B66003BD6BD /* Controllers */,
				76AF9DD02192492B003BD6BD /* Models */,
				76E39B26218E550900C36325 /* AppDelegate.swift */,
				76E39B30218E550900C36325 /* Assets.xcassets */,
				76E39B32218E550900C36325 /* LaunchScreen.storyboard */,
				76E39B35218E550900C36325 /* Info.plist */,
				76E39B2D218E550900C36325 /* TinderSwipeAnim.xcdatamodeld */,
			);
			path = TinderSwipeAnimDemo;
			sourceTree = "<group>";
		};
		76E39B3D218E550900C36325 /* TinderSwipeAnimTests */ = {
			isa = PBXGroup;
			children = (
				76E39B3E218E550900C36325 /* TinderSwipeAnimTests.swift */,
				76E39B40218E550900C36325 /* Info.plist */,
			);
			path = TinderSwipeAnimTests;
			sourceTree = "<group>";
		};
		76E39B48218E550900C36325 /* TinderSwipeAnimUITests */ = {
			isa = PBXGroup;
			children = (
				76E39B49218E550900C36325 /* TinderSwipeAnimUITests.swift */,
				76E39B4B218E550900C36325 /* Info.plist */,
			);
			path = TinderSwipeAnimUITests;
			sourceTree = "<group>";
		};
/* End PBXGroup section */

/* Begin PBXNativeTarget section */
		76E39B22218E550900C36325 /* TinderSwipeAnimDemo */ = {
			isa = PBXNativeTarget;
			buildConfigurationList = 76E39B4E218E550900C36325 /* Build configuration list for PBXNativeTarget "TinderSwipeAnimDemo" */;
			buildPhases = (
				76E39B1F218E550900C36325 /* Sources */,
				76E39B20218E550900C36325 /* Frameworks */,
				76E39B21218E550900C36325 /* Resources */,
				76DC924C21972AC1000DFCCB /* Embed Frameworks */,
			);
			buildRules = (
			);
			dependencies = (
				76DC924B21972AC0000DFCCB /* PBXTargetDependency */,
			);
			name = TinderSwipeAnimDemo;
			productName = TinderSwipeAnim;
			productReference = 76E39B23218E550900C36325 /* TinderSwipeAnimDemo.app */;
			productType = "com.apple.product-type.application";
		};
		76E39B39218E550900C36325 /* TinderSwipeAnimDemoTests */ = {
			isa = PBXNativeTarget;
			buildConfigurationList = 76E39B51218E550900C36325 /* Build configuration list for PBXNativeTarget "TinderSwipeAnimDemoTests" */;
			buildPhases = (
				76E39B36218E550900C36325 /* Sources */,
				76E39B37218E550900C36325 /* Frameworks */,
				76E39B38218E550900C36325 /* Resources */,
			);
			buildRules = (
			);
			dependencies = (
				76E39B3C218E550900C36325 /* PBXTargetDependency */,
			);
			name = TinderSwipeAnimDemoTests;
			productName = TinderSwipeAnimTests;
			productReference = 76E39B3A218E550900C36325 /* TinderSwipeAnimDemoTests.xctest */;
			productType = "com.apple.product-type.bundle.unit-test";
		};
		76E39B44218E550900C36325 /* TinderSwipeAnimDemoUITests */ = {
			isa = PBXNativeTarget;
			buildConfigurationList = 76E39B54218E550900C36325 /* Build configuration list for PBXNativeTarget "TinderSwipeAnimDemoUITests" */;
			buildPhases = (
				76E39B41218E550900C36325 /* Sources */,
				76E39B42218E550900C36325 /* Frameworks */,
				76E39B43218E550900C36325 /* Resources */,
			);
			buildRules = (
			);
			dependencies = (
				76E39B47218E550900C36325 /* PBXTargetDependency */,
			);
			name = TinderSwipeAnimDemoUITests;
			productName = TinderSwipeAnimUITests;
			productReference = 76E39B45218E550900C36325 /* TinderSwipeAnimDemoUITests.xctest */;
			productType = "com.apple.product-type.bundle.ui-testing";
		};
/* End PBXNativeTarget section */

/* Begin PBXProject section */
		76E39B1B218E550900C36325 /* Project object */ = {
			isa = PBXProject;
			attributes = {
				LastSwiftUpdateCheck = 0920;
				LastUpgradeCheck = 0920;
				ORGANIZATIONNAME = "MACBOOK PRO RETINA";
				TargetAttributes = {
					76E39B22218E550900C36325 = {
						CreatedOnToolsVersion = 9.2;
						ProvisioningStyle = Automatic;
					};
					76E39B39218E550900C36325 = {
						CreatedOnToolsVersion = 9.2;
						ProvisioningStyle = Automatic;
						TestTargetID = 76E39B22218E550900C36325;
					};
					76E39B44218E550900C36325 = {
						CreatedOnToolsVersion = 9.2;
						ProvisioningStyle = Automatic;
						TestTargetID = 76E39B22218E550900C36325;
					};
				};
			};
			buildConfigurationList = 76E39B1E218E550900C36325 /* Build configuration list for PBXProject "TinderSwipeAnimDemo" */;
			compatibilityVersion = "Xcode 8.0";
			developmentRegion = en;
			hasScannedForEncodings = 0;
			knownRegions = (
				en,
				Base,
			);
			mainGroup = 76E39B1A218E550900C36325;
			productRefGroup = 76E39B24218E550900C36325 /* Products */;
			projectDirPath = "";
			projectReferences = (
				{
					ProductGroup = 76DC924021972AB1000DFCCB /* Products */;
					ProjectRef = 76DC923F21972AB1000DFCCB /* TinderSwipeAnimation.xcodeproj */;
				},
			);
			projectRoot = "";
			targets = (
				76E39B22218E550900C36325 /* TinderSwipeAnimDemo */,
				76E39B39218E550900C36325 /* TinderSwipeAnimDemoTests */,
				76E39B44218E550900C36325 /* TinderSwipeAnimDemoUITests */,
			);
		};
/* End PBXProject section */

/* Begin PBXReferenceProxy section */
		76DC924521972AB2000DFCCB /* TinderSwipeAnimation.framework */ = {
			isa = PBXReferenceProxy;
			fileType = wrapper.framework;
			path = TinderSwipeAnimation.framework;
			remoteRef = 76DC924421972AB2000DFCCB /* PBXContainerItemProxy */;
			sourceTree = BUILT_PRODUCTS_DIR;
		};
		76DC924721972AB2000DFCCB /* TinderSwipeAnimationTests.xctest */ = {
			isa = PBXReferenceProxy;
			fileType = wrapper.cfbundle;
			path = TinderSwipeAnimationTests.xctest;
			remoteRef = 76DC924621972AB2000DFCCB /* PBXContainerItemProxy */;
			sourceTree = BUILT_PRODUCTS_DIR;
		};
/* End PBXReferenceProxy section */

/* Begin PBXResourcesBuildPhase section */
		76E39B21218E550900C36325 /* Resources */ = {
			isa = PBXResourcesBuildPhase;
			buildActionMask = 2147483647;
			files = (
				76E39B34218E550900C36325 /* LaunchScreen.storyboard in Resources */,
				76E39B31218E550900C36325 /* Assets.xcassets in Resources */,
				76E39B2C218E550900C36325 /* Main.storyboard in Resources */,
			);
			runOnlyForDeploymentPostprocessing = 0;
		};
		76E39B38218E550900C36325 /* Resources */ = {
			isa = PBXResourcesBuildPhase;
			buildActionMask = 2147483647;
			files = (
			);
			runOnlyForDeploymentPostprocessing = 0;
		};
		76E39B43218E550900C36325 /* Resources */ = {
			isa = PBXResourcesBuildPhase;
			buildActionMask = 2147483647;
			files = (
			);
			runOnlyForDeploymentPostprocessing = 0;
		};
/* End PBXResourcesBuildPhase section */

/* Begin PBXSourcesBuildPhase section */
		76E39B1F218E550900C36325 /* Sources */ = {
			isa = PBXSourcesBuildPhase;
			buildActionMask = 2147483647;
			files = (
				76C41F012190D8DA0074802A /* SecandViewController.swift in Sources */,
				76E39B2F218E550900C36325 /* TinderSwipeAnim.xcdatamodeld in Sources */,
				76AF9DD22192494D003BD6BD /* TinderSwipe.swift in Sources */,
				76E39B27218E550900C36325 /* AppDelegate.swift in Sources */,
			);
			runOnlyForDeploymentPostprocessing = 0;
		};
		76E39B36218E550900C36325 /* Sources */ = {
			isa = PBXSourcesBuildPhase;
			buildActionMask = 2147483647;
			files = (
				76E39B3F218E550900C36325 /* TinderSwipeAnimTests.swift in Sources */,
			);
			runOnlyForDeploymentPostprocessing = 0;
		};
		76E39B41218E550900C36325 /* Sources */ = {
			isa = PBXSourcesBuildPhase;
			buildActionMask = 2147483647;
			files = (
				76E39B4A218E550900C36325 /* TinderSwipeAnimUITests.swift in Sources */,
			);
			runOnlyForDeploymentPostprocessing = 0;
		};
/* End PBXSourcesBuildPhase section */

/* Begin PBXTargetDependency section */
		76DC924B21972AC0000DFCCB /* PBXTargetDependency */ = {
			isa = PBXTargetDependency;
			name = TinderSwipeAnimation;
			targetProxy = 76DC924A21972AC0000DFCCB /* PBXContainerItemProxy */;
		};
		76E39B3C218E550900C36325 /* PBXTargetDependency */ = {
			isa = PBXTargetDependency;
			target = 76E39B22218E550900C36325 /* TinderSwipeAnimDemo */;
			targetProxy = 76E39B3B218E550900C36325 /* PBXContainerItemProxy */;
		};
		76E39B47218E550900C36325 /* PBXTargetDependency */ = {
			isa = PBXTargetDependency;
			target = 76E39B22218E550900C36325 /* TinderSwipeAnimDemo */;
			targetProxy = 76E39B46218E550900C36325 /* PBXContainerItemProxy */;
		};
/* End PBXTargetDependency section */

/* Begin PBXVariantGroup section */
		76E39B2A218E550900C36325 /* Main.storyboard */ = {
			isa = PBXVariantGroup;
			children = (
				76E39B2B218E550900C36325 /* Base */,
			);
			name = Main.storyboard;
			sourceTree = "<group>";
		};
		76E39B32218E550900C36325 /* LaunchScreen.storyboard */ = {
			isa = PBXVariantGroup;
			children = (
				76E39B33218E550900C36325 /* Base */,
			);
			name = LaunchScreen.storyboard;
			sourceTree = "<group>";
		};
/* End PBXVariantGroup section */

/* Begin XCBuildConfiguration section */
		76E39B4C218E550900C36325 /* Debug */ = {
			isa = XCBuildConfiguration;
			buildSettings = {
				ALWAYS_SEARCH_USER_PATHS = NO;
				CLANG_ANALYZER_NONNULL = YES;
				CLANG_ANALYZER_NUMBER_OBJECT_CONVERSION = YES_AGGRESSIVE;
				CLANG_CXX_LANGUAGE_STANDARD = "gnu++14";
				CLANG_CXX_LIBRARY = "libc++";
				CLANG_ENABLE_MODULES = YES;
				CLANG_ENABLE_OBJC_ARC = YES;
				CLANG_WARN_BLOCK_CAPTURE_AUTORELEASING = YES;
				CLANG_WARN_BOOL_CONVERSION = YES;
				CLANG_WARN_COMMA = YES;
				CLANG_WARN_CONSTANT_CONVERSION = YES;
				CLANG_WARN_DIRECT_OBJC_ISA_USAGE = YES_ERROR;
				CLANG_WARN_DOCUMENTATION_COMMENTS = YES;
				CLANG_WARN_EMPTY_BODY = YES;
				CLANG_WARN_ENUM_CONVERSION = YES;
				CLANG_WARN_INFINITE_RECURSION = YES;
				CLANG_WARN_INT_CONVERSION = YES;
				CLANG_WARN_NON_LITERAL_NULL_CONVERSION = YES;
				CLANG_WARN_OBJC_LITERAL_CONVERSION = YES;
				CLANG_WARN_OBJC_ROOT_CLASS = YES_ERROR;
				CLANG_WARN_RANGE_LOOP_ANALYSIS = YES;
				CLANG_WARN_STRICT_PROTOTYPES = YES;
				CLANG_WARN_SUSPICIOUS_MOVE = YES;
				CLANG_WARN_UNGUARDED_AVAILABILITY = YES_AGGRESSIVE;
				CLANG_WARN_UNREACHABLE_CODE = YES;
				CLANG_WARN__DUPLICATE_METHOD_MATCH = YES;
				CODE_SIGN_IDENTITY = "iPhone Developer";
				COPY_PHASE_STRIP = NO;
				DEBUG_INFORMATION_FORMAT = dwarf;
				ENABLE_STRICT_OBJC_MSGSEND = YES;
				ENABLE_TESTABILITY = YES;
				GCC_C_LANGUAGE_STANDARD = gnu11;
				GCC_DYNAMIC_NO_PIC = NO;
				GCC_NO_COMMON_BLOCKS = YES;
				GCC_OPTIMIZATION_LEVEL = 0;
				GCC_PREPROCESSOR_DEFINITIONS = (
					"DEBUG=1",
					"$(inherited)",
				);
				GCC_WARN_64_TO_32_BIT_CONVERSION = YES;
				GCC_WARN_ABOUT_RETURN_TYPE = YES_ERROR;
				GCC_WARN_UNDECLARED_SELECTOR = YES;
				GCC_WARN_UNINITIALIZED_AUTOS = YES_AGGRESSIVE;
				GCC_WARN_UNUSED_FUNCTION = YES;
				GCC_WARN_UNUSED_VARIABLE = YES;
				IPHONEOS_DEPLOYMENT_TARGET = 11.2;
				MTL_ENABLE_DEBUG_INFO = YES;
				ONLY_ACTIVE_ARCH = NO;
				SDKROOT = iphoneos;
				SWIFT_ACTIVE_COMPILATION_CONDITIONS = DEBUG;
				SWIFT_OPTIMIZATION_LEVEL = "-Onone";
			};
			name = Debug;
		};
		76E39B4D218E550900C36325 /* Release */ = {
			isa = XCBuildConfiguration;
			buildSettings = {
				ALWAYS_SEARCH_USER_PATHS = NO;
				CLANG_ANALYZER_NONNULL = YES;
				CLANG_ANALYZER_NUMBER_OBJECT_CONVERSION = YES_AGGRESSIVE;
				CLANG_CXX_LANGUAGE_STANDARD = "gnu++14";
				CLANG_CXX_LIBRARY = "libc++";
				CLANG_ENABLE_MODULES = YES;
				CLANG_ENABLE_OBJC_ARC = YES;
				CLANG_WARN_BLOCK_CAPTURE_AUTORELEASING = YES;
				CLANG_WARN_BOOL_CONVERSION = YES;
				CLANG_WARN_COMMA = YES;
				CLANG_WARN_CONSTANT_CONVERSION = YES;
				CLANG_WARN_DIRECT_OBJC_ISA_USAGE = YES_ERROR;
				CLANG_WARN_DOCUMENTATION_COMMENTS = YES;
				CLANG_WARN_EMPTY_BODY = YES;
				CLANG_WARN_ENUM_CONVERSION = YES;
				CLANG_WARN_INFINITE_RECURSION = YES;
				CLANG_WARN_INT_CONVERSION = YES;
				CLANG_WARN_NON_LITERAL_NULL_CONVERSION = YES;
				CLANG_WARN_OBJC_LITERAL_CONVERSION = YES;
				CLANG_WARN_OBJC_ROOT_CLASS = YES_ERROR;
				CLANG_WARN_RANGE_LOOP_ANALYSIS = YES;
				CLANG_WARN_STRICT_PROTOTYPES = YES;
				CLANG_WARN_SUSPICIOUS_MOVE = YES;
				CLANG_WARN_UNGUARDED_AVAILABILITY = YES_AGGRESSIVE;
				CLANG_WARN_UNREACHABLE_CODE = YES;
				CLANG_WARN__DUPLICATE_METHOD_MATCH = YES;
				CODE_SIGN_IDENTITY = "iPhone Developer";
				COPY_PHASE_STRIP = NO;
				DEBUG_INFORMATION_FORMAT = "dwarf-with-dsym";
				ENABLE_NS_ASSERTIONS = NO;
				ENABLE_STRICT_OBJC_MSGSEND = YES;
				GCC_C_LANGUAGE_STANDARD = gnu11;
				GCC_NO_COMMON_BLOCKS = YES;
				GCC_WARN_64_TO_32_BIT_CONVERSION = YES;
				GCC_WARN_ABOUT_RETURN_TYPE = YES_ERROR;
				GCC_WARN_UNDECLARED_SELECTOR = YES;
				GCC_WARN_UNINITIALIZED_AUTOS = YES_AGGRESSIVE;
				GCC_WARN_UNUSED_FUNCTION = YES;
				GCC_WARN_UNUSED_VARIABLE = YES;
				IPHONEOS_DEPLOYMENT_TARGET = 11.2;
				MTL_ENABLE_DEBUG_INFO = NO;
				ONLY_ACTIVE_ARCH = NO;
				SDKROOT = iphoneos;
				SWIFT_OPTIMIZATION_LEVEL = "-Owholemodule";
				VALIDATE_PRODUCT = YES;
			};
			name = Release;
		};
		76E39B4F218E550900C36325 /* Debug */ = {
			isa = XCBuildConfiguration;
			buildSettings = {
				ALWAYS_EMBED_SWIFT_STANDARD_LIBRARIES = YES;
				ASSETCATALOG_COMPILER_APPICON_NAME = AppIcon;
				CODE_SIGN_STYLE = Automatic;
				DEVELOPMENT_TEAM = WG5JPDZ522;
				FRAMEWORK_SEARCH_PATHS = (
					/Users/macbookproretina/Desktop/TinderSwipeAnim,
					"$(PROJECT_DIR)",
				);
				INFOPLIST_FILE = TinderSwipeAnimDemo/Info.plist;
				LD_RUNPATH_SEARCH_PATHS = "$(inherited) @executable_path/Frameworks";
				PRODUCT_BUNDLE_IDENTIFIER = test.TinderSwipeAnimDemo;
				PRODUCT_NAME = "$(TARGET_NAME)";
				SWIFT_VERSION = 4.0;
				TARGETED_DEVICE_FAMILY = "1,2";
			};
			name = Debug;
		};
		76E39B50218E550900C36325 /* Release */ = {
			isa = XCBuildConfiguration;
			buildSettings = {
				ALWAYS_EMBED_SWIFT_STANDARD_LIBRARIES = YES;
				ASSETCATALOG_COMPILER_APPICON_NAME = AppIcon;
				CODE_SIGN_STYLE = Automatic;
				DEVELOPMENT_TEAM = WG5JPDZ522;
				FRAMEWORK_SEARCH_PATHS = (
					/Users/macbookproretina/Desktop/TinderSwipeAnim,
					"$(PROJECT_DIR)",
				);
				INFOPLIST_FILE = TinderSwipeAnimDemo/Info.plist;
				LD_RUNPATH_SEARCH_PATHS = "$(inherited) @executable_path/Frameworks";
				PRODUCT_BUNDLE_IDENTIFIER = test.TinderSwipeAnimDemo;
				PRODUCT_NAME = "$(TARGET_NAME)";
				SWIFT_VERSION = 4.0;
				TARGETED_DEVICE_FAMILY = "1,2";
			};
			name = Release;
		};
		76E39B52218E550900C36325 /* Debug */ = {
			isa = XCBuildConfiguration;
			buildSettings = {
				ALWAYS_EMBED_SWIFT_STANDARD_LIBRARIES = YES;
				BUNDLE_LOADER = "$(TEST_HOST)";
				CODE_SIGN_STYLE = Automatic;
				DEVELOPMENT_TEAM = WG5JPDZ522;
				INFOPLIST_FILE = TinderSwipeAnimTests/Info.plist;
				LD_RUNPATH_SEARCH_PATHS = "$(inherited) @executable_path/Frameworks @loader_path/Frameworks";
				PRODUCT_BUNDLE_IDENTIFIER = test.TinderSwipeAnimTests;
				PRODUCT_NAME = "$(TARGET_NAME)";
				SWIFT_VERSION = 4.0;
				TARGETED_DEVICE_FAMILY = "1,2";
				TEST_HOST = "$(BUILT_PRODUCTS_DIR)/TinderSwipeAnimDemo.app/TinderSwipeAnimDemo";
			};
			name = Debug;
		};
		76E39B53218E550900C36325 /* Release */ = {
			isa = XCBuildConfiguration;
			buildSettings = {
				ALWAYS_EMBED_SWIFT_STANDARD_LIBRARIES = YES;
				BUNDLE_LOADER = "$(TEST_HOST)";
				CODE_SIGN_STYLE = Automatic;
				DEVELOPMENT_TEAM = WG5JPDZ522;
				INFOPLIST_FILE = TinderSwipeAnimTests/Info.plist;
				LD_RUNPATH_SEARCH_PATHS = "$(inherited) @executable_path/Frameworks @loader_path/Frameworks";
				PRODUCT_BUNDLE_IDENTIFIER = test.TinderSwipeAnimTests;
				PRODUCT_NAME = "$(TARGET_NAME)";
				SWIFT_VERSION = 4.0;
				TARGETED_DEVICE_FAMILY = "1,2";
				TEST_HOST = "$(BUILT_PRODUCTS_DIR)/TinderSwipeAnimDemo.app/TinderSwipeAnimDemo";
			};
			name = Release;
		};
		76E39B55218E550900C36325 /* Debug */ = {
			isa = XCBuildConfiguration;
			buildSettings = {
				ALWAYS_EMBED_SWIFT_STANDARD_LIBRARIES = YES;
				CODE_SIGN_STYLE = Automatic;
				DEVELOPMENT_TEAM = WG5JPDZ522;
				INFOPLIST_FILE = TinderSwipeAnimUITests/Info.plist;
				LD_RUNPATH_SEARCH_PATHS = "$(inherited) @executable_path/Frameworks @loader_path/Frameworks";
				PRODUCT_BUNDLE_IDENTIFIER = test.TinderSwipeAnimUITests;
				PRODUCT_NAME = "$(TARGET_NAME)";
				SWIFT_VERSION = 4.0;
				TARGETED_DEVICE_FAMILY = "1,2";
				TEST_TARGET_NAME = TinderSwipeAnim;
			};
			name = Debug;
		};
		76E39B56218E550900C36325 /* Release */ = {
			isa = XCBuildConfiguration;
			buildSettings = {
				ALWAYS_EMBED_SWIFT_STANDARD_LIBRARIES = YES;
				CODE_SIGN_STYLE = Automatic;
				DEVELOPMENT_TEAM = WG5JPDZ522;
				INFOPLIST_FILE = TinderSwipeAnimUITests/Info.plist;
				LD_RUNPATH_SEARCH_PATHS = "$(inherited) @executable_path/Frameworks @loader_path/Frameworks";
				PRODUCT_BUNDLE_IDENTIFIER = test.TinderSwipeAnimUITests;
				PRODUCT_NAME = "$(TARGET_NAME)";
				SWIFT_VERSION = 4.0;
				TARGETED_DEVICE_FAMILY = "1,2";
				TEST_TARGET_NAME = TinderSwipeAnim;
			};
			name = Release;
		};
/* End XCBuildConfiguration section */

/* Begin XCConfigurationList section */
		76E39B1E218E550900C36325 /* Build configuration list for PBXProject "TinderSwipeAnimDemo" */ = {
			isa = XCConfigurationList;
			buildConfigurations = (
				76E39B4C218E550900C36325 /* Debug */,
				76E39B4D218E550900C36325 /* Release */,
			);
			defaultConfigurationIsVisible = 0;
			defaultConfigurationName = Release;
		};
		76E39B4E218E550900C36325 /* Build configuration list for PBXNativeTarget "TinderSwipeAnimDemo" */ = {
			isa = XCConfigurationList;
			buildConfigurations = (
				76E39B4F218E550900C36325 /* Debug */,
				76E39B50218E550900C36325 /* Release */,
			);
			defaultConfigurationIsVisible = 0;
			defaultConfigurationName = Release;
		};
		76E39B51218E550900C36325 /* Build configuration list for PBXNativeTarget "TinderSwipeAnimDemoTests" */ = {
			isa = XCConfigurationList;
			buildConfigurations = (
				76E39B52218E550900C36325 /* Debug */,
				76E39B53218E550900C36325 /* Release */,
			);
			defaultConfigurationIsVisible = 0;
			defaultConfigurationName = Release;
		};
		76E39B54218E550900C36325 /* Build configuration list for PBXNativeTarget "TinderSwipeAnimDemoUITests" */ = {
			isa = XCConfigurationList;
			buildConfigurations = (
				76E39B55218E550900C36325 /* Debug */,
				76E39B56218E550900C36325 /* Release */,
			);
			defaultConfigurationIsVisible = 0;
			defaultConfigurationName = Release;
		};
/* End XCConfigurationList section */

/* Begin XCVersionGroup section */
		76E39B2D218E550900C36325 /* TinderSwipeAnim.xcdatamodeld */ = {
			isa = XCVersionGroup;
			children = (
				76E39B2E218E550900C36325 /* TinderSwipeAnim.xcdatamodel */,
			);
			currentVersion = 76E39B2E218E550900C36325 /* TinderSwipeAnim.xcdatamodel */;
			path = TinderSwipeAnim.xcdatamodeld;
			sourceTree = "<group>";
			versionGroupType = wrapper.xcdatamodel;
		};
/* End XCVersionGroup section */
	};
	rootObject = 76E39B1B218E550900C36325 /* Project object */;
}
